
Microsoft Visual Studio Solution File, Format Version 12.00
# Visual Studio 15
VisualStudioVersion = 15.0.28307.102
MinimumVisualStudioVersion = 10.0.40219.1
Project("{8BC9CEB8-8B4A-11D0-8D11-00A0C91BC942}") = "bench", "bench.vcxproj", "{7DCC0945-97FD-43B0-8347-A1CFB136F49F}"
EndProject
Global
	GlobalSection(SolutionConfigurationPlatforms) = preSolution
		Debug|x64 = Debug|x64
		Debug|x86 = Debug|x86
		Release|x64 = Release|x64
		Release|x86 = Release|x86
	EndGlobalSection
	GlobalSection(ProjectConfigurationPlatforms) = postSolution
		{7DCC0945-97FD-43B0-8347-A1CFB136F49F}.Debug|x64.ActiveCfg = Debug|x64
		{7DCC0945-97FD-43B0-8347-A1CFB136F49F}.Debug|x64.Build.0 = Debug|x64
		{7DCC0945-97FD-43B0-8347-A1CFB136F49F}.Debug|x86.ActiveCfg = Debug|Win32
		{7DCC0945-97FD-43B0-8347-A1CFB136F49F}.Debug|x86.Build.0 = Debug|Win32
		{7DCC0945-97FD-43B0-8347-A1CFB136F49F}.Release|x64.ActiveCfg = Release|x64
		{7DCC0945-97FD-43B0-8347-A1CFB136F49F}.Release|x64.Build.0 = Release|x64
		{7DCC0945-97FD-43B0-8347-A1CFB136F49F}.Release|x86.ActiveCfg = Release|Win32
		{7DCC0945-97FD-43B0-8347-A1CFB136F49F}.Release|x86.Build.0 = Release|Win32
	EndGlobalSection
	GlobalSection(SolutionProperties) = preSolution
		HideSolutionNode = FALSE
	EndGlobalSection
	GlobalSection(ExtensibilityGlobals) = postSolution
		SolutionGuid = {7165D897-E873-4878-A431-1E7730683D50}
	EndGlobalSection
EndGlobal
